uuid: 1d9aba25-9afd-430d-90ab-d5fea37249ea
langcode: en
status: true
dependencies:
  content:
    - 'block_content:hero_block:4050182c-1e49-496f-a70b-7e53f29678b0'
  module:
    - apigee_kickstart_enhancement
    - block_content
    - system
  theme:
    - ndf_theme
id: hompageheroblock
theme: ndf_theme
region: content
weight: -3
provider: null
plugin: 'block_content:4050182c-1e49-496f-a70b-7e53f29678b0'
settings:
  id: 'block_content:4050182c-1e49-496f-a70b-7e53f29678b0'
  label: 'Hompage : Hero block'
  label_display: '0'
  provider: block_content
  status: true
  info: ''
  view_mode: full
visibility:
  block_type:
    id: block_type
    uuid: 1d9aba25-9afd-430d-90ab-d5fea37249ea
    bundles: {  }
    is_adjacent: 0
    negate: false
  request_path:
    id: request_path
    negate: false
    pages: '<front>'
